<?xml version="1.0" encoding="utf-8"?>
<Project ToolsVersion="4.0" xmlns="http://schemas.microsoft.com/developer/msbuild/2003">
  <ItemGroup>
    <Filter Include="Source Files">
      <UniqueIdentifier>{4FC737F1-C7A5-4376-A066-2A32D752A2FF}</UniqueIdentifier>
      <Extensions>cpp;c;cc;cxx;def;odl;idl;hpj;bat;asm;asmx</Extensions>
    </Filter>
    <Filter Include="Header Files">
      <UniqueIdentifier>{93995380-89BD-4b04-88EB-625FBE52EBFB}</UniqueIdentifier>
      <Extensions>h;hpp;hxx;hm;inl;inc;xsd</Extensions>
    </Filter>
    <Filter Include="Resource Files">
      <UniqueIdentifier>{67DA6AB6-F800-4c08-8B7A-83BB121AAD01}</UniqueIdentifier>
      <Extensions>rc;ico;cur;bmp;dlg;rc2;rct;bin;rgs;gif;jpg;jpeg;jpe;resx;tiff;tif;png;wav;mfcribbon-ms</Extensions>
    </Filter>
  </ItemGroup>
  <ItemGroup>
    <None Include="readme.txt" />
    <None Include="game_link.x" />
    <None Include="makefile" />
  </ItemGroup>
  <ItemGroup>
    <ClCompile Include="ds_main.c">
      <Filter>Source Files</Filter>
    </ClCompile>
    <ClCompile Include="keyboard\touchkeyboard.c">
      <Filter>Source Files</Filter>
    </ClCompile>
    <ClCompile Include="ds_textures.c">
      <Filter>Source Files</Filter>
    </ClCompile>
    <ClCompile Include="ds_ipc.c">
      <Filter>Source Files</Filter>
    </ClCompile>
    <ClCompile Include="arm7_main.cpp">
      <Filter>Source Files</Filter>
    </ClCompile>
    <ClCompile Include="null\snd_null.c">
      <Filter>Source Files</Filter>
    </ClCompile>
    <ClCompile Include="snd_null_7.cpp">
      <Filter>Source Files</Filter>
    </ClCompile>
    <ClCompile Include="memory.c">
      <Filter>Source Files</Filter>
    </ClCompile>
    <ClCompile Include="malloc.c">
      <Filter>Source Files</Filter>
    </ClCompile>
    <ClCompile Include="ram.c">
      <Filter>Source Files</Filter>
    </ClCompile>
    <ClCompile Include="ds_3d.c">
      <Filter>Source Files</Filter>
    </ClCompile>
    <ClCompile Include="ds_files.c">
      <Filter>Source Files</Filter>
    </ClCompile>
    <ClCompile Include="stamp.c">
      <Filter>Source Files</Filter>
    </ClCompile>
    <ClCompile Include="qcommon\cmodel.c">
      <Filter>Source Files</Filter>
    </ClCompile>
    <ClCompile Include="qcommon\files.c">
      <Filter>Source Files</Filter>
    </ClCompile>
    <ClCompile Include="game\q_shared.c">
      <Filter>Source Files</Filter>
    </ClCompile>
    <ClCompile Include="game\p_weapon.c">
      <Filter>Source Files</Filter>
    </ClCompile>
    <ClCompile Include="game\p_trail.c">
      <Filter>Source Files</Filter>
    </ClCompile>
    <ClCompile Include="game\p_hud.c">
      <Filter>Source Files</Filter>
    </ClCompile>
    <ClCompile Include="game\p_client.c">
      <Filter>Source Files</Filter>
    </ClCompile>
    <ClCompile Include="game\m_tank.c">
      <Filter>Source Files</Filter>
    </ClCompile>
    <ClCompile Include="game\m_supertank.c">
      <Filter>Source Files</Filter>
    </ClCompile>
    <ClCompile Include="game\m_soldier.c">
      <Filter>Source Files</Filter>
    </ClCompile>
    <ClCompile Include="game\m_parasite.c">
      <Filter>Source Files</Filter>
    </ClCompile>
    <ClCompile Include="game\m_mutant.c">
      <Filter>Source Files</Filter>
    </ClCompile>
    <ClCompile Include="game\m_move.c">
      <Filter>Source Files</Filter>
    </ClCompile>
    <ClCompile Include="game\m_medic.c">
      <Filter>Source Files</Filter>
    </ClCompile>
    <ClCompile Include="game\m_insane.c">
      <Filter>Source Files</Filter>
    </ClCompile>
    <ClCompile Include="game\m_infantry.c">
      <Filter>Source Files</Filter>
    </ClCompile>
    <ClCompile Include="game\m_hover.c">
      <Filter>Source Files</Filter>
    </ClCompile>
    <ClCompile Include="game\m_gunner.c">
      <Filter>Source Files</Filter>
    </ClCompile>
    <ClCompile Include="game\m_gladiator.c">
      <Filter>Source Files</Filter>
    </ClCompile>
    <ClCompile Include="game\m_flyer.c">
      <Filter>Source Files</Filter>
    </ClCompile>
    <ClCompile Include="game\m_float.c">
      <Filter>Source Files</Filter>
    </ClCompile>
    <ClCompile Include="game\m_flipper.c">
      <Filter>Source Files</Filter>
    </ClCompile>
    <ClCompile Include="game\m_flash.c">
      <Filter>Source Files</Filter>
    </ClCompile>
    <ClCompile Include="game\m_chick.c">
      <Filter>Source Files</Filter>
    </ClCompile>
    <ClCompile Include="game\m_brain.c">
      <Filter>Source Files</Filter>
    </ClCompile>
    <ClCompile Include="game\m_boss32.c">
      <Filter>Source Files</Filter>
    </ClCompile>
    <ClCompile Include="game\m_boss31.c">
      <Filter>Source Files</Filter>
    </ClCompile>
    <ClCompile Include="game\m_boss3.c">
      <Filter>Source Files</Filter>
    </ClCompile>
    <ClCompile Include="game\m_boss2.c">
      <Filter>Source Files</Filter>
    </ClCompile>
    <ClCompile Include="game\m_berserk.c">
      <Filter>Source Files</Filter>
    </ClCompile>
    <ClCompile Include="game\m_actor.c">
      <Filter>Source Files</Filter>
    </ClCompile>
    <ClCompile Include="game\libc_wrap.c">
      <Filter>Source Files</Filter>
    </ClCompile>
    <ClCompile Include="game\g_weapon.c">
      <Filter>Source Files</Filter>
    </ClCompile>
    <ClCompile Include="game\g_utils.c">
      <Filter>Source Files</Filter>
    </ClCompile>
    <ClCompile Include="game\g_turret.c">
      <Filter>Source Files</Filter>
    </ClCompile>
    <ClCompile Include="game\g_trigger.c">
      <Filter>Source Files</Filter>
    </ClCompile>
    <ClCompile Include="game\g_target.c">
      <Filter>Source Files</Filter>
    </ClCompile>
    <ClCompile Include="game\g_svcmds.c">
      <Filter>Source Files</Filter>
    </ClCompile>
    <ClCompile Include="game\g_spawn.c">
      <Filter>Source Files</Filter>
    </ClCompile>
    <ClCompile Include="game\g_save.c">
      <Filter>Source Files</Filter>
    </ClCompile>
    <ClCompile Include="game\g_phys.c">
      <Filter>Source Files</Filter>
    </ClCompile>
    <ClCompile Include="game\g_monster.c">
      <Filter>Source Files</Filter>
    </ClCompile>
    <ClCompile Include="game\g_misc.c">
      <Filter>Source Files</Filter>
    </ClCompile>
    <ClCompile Include="game\g_main.c">
      <Filter>Source Files</Filter>
    </ClCompile>
    <ClCompile Include="game\g_items.c">
      <Filter>Source Files</Filter>
    </ClCompile>
    <ClCompile Include="game\g_func.c">
      <Filter>Source Files</Filter>
    </ClCompile>
    <ClCompile Include="game\g_combat.c">
      <Filter>Source Files</Filter>
    </ClCompile>
    <ClCompile Include="game\g_cmds.c">
      <Filter>Source Files</Filter>
    </ClCompile>
    <ClCompile Include="game\g_chase.c">
      <Filter>Source Files</Filter>
    </ClCompile>
    <ClCompile Include="game\g_ai.c">
      <Filter>Source Files</Filter>
    </ClCompile>
    <ClCompile Include="qcommon\cmd.c">
      <Filter>Source Files</Filter>
    </ClCompile>
    <ClCompile Include="qcommon\common.c">
      <Filter>Source Files</Filter>
    </ClCompile>
    <ClCompile Include="qcommon\crc.c">
      <Filter>Source Files</Filter>
    </ClCompile>
    <ClCompile Include="qcommon\cvar.c">
      <Filter>Source Files</Filter>
    </ClCompile>
    <ClCompile Include="qcommon\md4.c">
      <Filter>Source Files</Filter>
    </ClCompile>
    <ClCompile Include="qcommon\net_chan.c">
      <Filter>Source Files</Filter>
    </ClCompile>
    <ClCompile Include="qcommon\pmove.c">
      <Filter>Source Files</Filter>
    </ClCompile>
    <ClCompile Include="client\cl_main.c">
      <Filter>Source Files</Filter>
    </ClCompile>
    <ClCompile Include="ref_nds\r_main.c">
      <Filter>Source Files</Filter>
    </ClCompile>
    <ClCompile Include="client\cl_view.c">
      <Filter>Source Files</Filter>
    </ClCompile>
    <ClCompile Include="null\vid_null.c">
      <Filter>Source Files</Filter>
    </ClCompile>
    <ClCompile Include="ref_nds\r_draw.c">
      <Filter>Source Files</Filter>
    </ClCompile>
    <ClCompile Include="ref_nds\r_model.c">
      <Filter>Source Files</Filter>
    </ClCompile>
    <ClCompile Include="server\sv_init.c">
      <Filter>Source Files</Filter>
    </ClCompile>
    <ClCompile Include="null\in_null.c">
      <Filter>Source Files</Filter>
    </ClCompile>
    <ClCompile Include="r_cache.c">
      <Filter>Source Files</Filter>
    </ClCompile>
    <ClCompile Include="ref_nds\r_image.c">
      <Filter>Source Files</Filter>
    </ClCompile>
    <ClCompile Include="ref_nds\r_alias.c">
      <Filter>Source Files</Filter>
    </ClCompile>
    <ClCompile Include="ref_nds\r_bsp.c">
      <Filter>Source Files</Filter>
    </ClCompile>
    <ClCompile Include="ref_nds\r_rast.c">
      <Filter>Source Files</Filter>
    </ClCompile>
    <ClCompile Include="server\sv_user.c">
      <Filter>Source Files</Filter>
    </ClCompile>
    <ClCompile Include="server\sv_game.c">
      <Filter>Source Files</Filter>
    </ClCompile>
    <ClCompile Include="server\sv_main.c">
      <Filter>Source Files</Filter>
    </ClCompile>
    <ClCompile Include="null\vid_menu.c">
      <Filter>Source Files</Filter>
    </ClCompile>
    <ClCompile Include="client\qmenu.c">
      <Filter>Source Files</Filter>
    </ClCompile>
    <ClCompile Include="client\menu.c">
      <Filter>Source Files</Filter>
    </ClCompile>
    <ClCompile Include="null\swimp_null.c">
      <Filter>Source Files</Filter>
    </ClCompile>
    <ClCompile Include="client\cl_scrn.c">
      <Filter>Source Files</Filter>
    </ClCompile>
    <ClCompile Include="null\cd_null.c">
      <Filter>Source Files</Filter>
    </ClCompile>
    <ClCompile Include="snd_ds.c">
      <Filter>Source Files</Filter>
    </ClCompile>
    <ClCompile Include="client\cl_tent.c">
      <Filter>Source Files</Filter>
    </ClCompile>
    <ClCompile Include="client\snd_dma.c">
      <Filter>Source Files</Filter>
    </ClCompile>
    <ClCompile Include="client\snd_mem.c">
      <Filter>Source Files</Filter>
    </ClCompile>
    <ClCompile Include="client\snd_mix.c">
      <Filter>Source Files</Filter>
    </ClCompile>
    <ClCompile Include="null\snddma_null.c">
      <Filter>Source Files</Filter>
    </ClCompile>
    <ClCompile Include="server\sv_ccmds.c">
      <Filter>Source Files</Filter>
    </ClCompile>
    <ClCompile Include="server\sv_ents.c">
      <Filter>Source Files</Filter>
    </ClCompile>
    <ClCompile Include="server\sv_world.c">
      <Filter>Source Files</Filter>
    </ClCompile>
    <ClCompile Include="server\sv_send.c">
      <Filter>Source Files</Filter>
    </ClCompile>
    <ClCompile Include="client\cl_parse.c">
      <Filter>Source Files</Filter>
    </ClCompile>
    <ClCompile Include="client\cl_newfx.c">
      <Filter>Source Files</Filter>
    </ClCompile>
    <ClCompile Include="client\cl_inv.c">
      <Filter>Source Files</Filter>
    </ClCompile>
    <ClCompile Include="client\cl_input.c">
      <Filter>Source Files</Filter>
    </ClCompile>
    <ClCompile Include="client\cl_fx.c">
      <Filter>Source Files</Filter>
    </ClCompile>
    <ClCompile Include="client\cl_ents.c">
      <Filter>Source Files</Filter>
    </ClCompile>
    <ClCompile Include="client\cl_cin.c">
      <Filter>Source Files</Filter>
    </ClCompile>
    <ClCompile Include="client\console.c">
      <Filter>Source Files</Filter>
    </ClCompile>
    <ClCompile Include="client\keys.c">
      <Filter>Source Files</Filter>
    </ClCompile>
    <ClCompile Include="null\sys_null.c">
      <Filter>Source Files</Filter>
    </ClCompile>
  </ItemGroup>
  <ItemGroup>
    <ClInclude Include="quake_ipc.h">
      <Filter>Header Files</Filter>
    </ClInclude>
    <ClInclude Include="memory.h">
      <Filter>Header Files</Filter>
    </ClInclude>
    <ClInclude Include="ram.h">
      <Filter>Header Files</Filter>
    </ClInclude>
    <ClInclude Include="game\q_shared.h">
      <Filter>Header Files</Filter>
    </ClInclude>
    <ClInclude Include="game\m_tank.h">
      <Filter>Header Files</Filter>
    </ClInclude>
    <ClInclude Include="game\m_supertank.h">
      <Filter>Header Files</Filter>
    </ClInclude>
    <ClInclude Include="game\m_soldier.h">
      <Filter>Header Files</Filter>
    </ClInclude>
    <ClInclude Include="game\m_rider.h">
      <Filter>Header Files</Filter>
    </ClInclude>
    <ClInclude Include="game\m_player.h">
      <Filter>Header Files</Filter>
    </ClInclude>
    <ClInclude Include="game\m_parasite.h">
      <Filter>Header Files</Filter>
    </ClInclude>
    <ClInclude Include="game\m_mutant.h">
      <Filter>Header Files</Filter>
    </ClInclude>
    <ClInclude Include="game\m_medic.h">
      <Filter>Header Files</Filter>
    </ClInclude>
    <ClInclude Include="game\m_insane.h">
      <Filter>Header Files</Filter>
    </ClInclude>
    <ClInclude Include="game\m_infantry.h">
      <Filter>Header Files</Filter>
    </ClInclude>
    <ClInclude Include="game\m_hover.h">
      <Filter>Header Files</Filter>
    </ClInclude>
    <ClInclude Include="game\m_gunner.h">
      <Filter>Header Files</Filter>
    </ClInclude>
    <ClInclude Include="game\m_gladiator.h">
      <Filter>Header Files</Filter>
    </ClInclude>
    <ClInclude Include="game\m_flyer.h">
      <Filter>Header Files</Filter>
    </ClInclude>
    <ClInclude Include="game\m_float.h">
      <Filter>Header Files</Filter>
    </ClInclude>
    <ClInclude Include="game\m_flipper.h">
      <Filter>Header Files</Filter>
    </ClInclude>
    <ClInclude Include="game\m_chick.h">
      <Filter>Header Files</Filter>
    </ClInclude>
    <ClInclude Include="game\m_brain.h">
      <Filter>Header Files</Filter>
    </ClInclude>
    <ClInclude Include="game\m_boss32.h">
      <Filter>Header Files</Filter>
    </ClInclude>
    <ClInclude Include="game\m_boss31.h">
      <Filter>Header Files</Filter>
    </ClInclude>
    <ClInclude Include="game\m_boss2.h">
      <Filter>Header Files</Filter>
    </ClInclude>
    <ClInclude Include="game\m_berserk.h">
      <Filter>Header Files</Filter>
    </ClInclude>
    <ClInclude Include="game\m_actor.h">
      <Filter>Header Files</Filter>
    </ClInclude>
    <ClInclude Include="game\game.h">
      <Filter>Header Files</Filter>
    </ClInclude>
    <ClInclude Include="game\g_local.h">
      <Filter>Header Files</Filter>
    </ClInclude>
    <ClInclude Include="qcommon\crc.h">
      <Filter>Header Files</Filter>
    </ClInclude>
    <ClInclude Include="qcommon\qcommon.h">
      <Filter>Header Files</Filter>
    </ClInclude>
    <ClInclude Include="qcommon\qfiles.h">
      <Filter>Header Files</Filter>
    </ClInclude>
    <ClInclude Include="r_cache.h">
      <Filter>Header Files</Filter>
    </ClInclude>
  </ItemGroup>
</Project>